
Microsoft Visual Studio Solution File, Format Version 12.00
# Visual Studio 2013
VisualStudioVersion = 12.0.40629.0
MinimumVisualStudioVersion = 10.0.40219.1
Project("{E24C65DC-7377-472B-9ABA-BC803B73C61A}") = "BlackwaterPharma", "..\BlackwaterPharma\", "{856F53FB-0128-444C-A0E6-CACAF33C4BE4}"
	ProjectSection(WebsiteProperties) = preProject
		TargetFrameworkMoniker = ".NETFramework,Version%3Dv4.5.2"
		ProjectReferences = "{d762df20-3879-41dc-a965-f1f402aa7eec}|BlackwaterPharma.Business.dll;{2287FDA4-A93E-43E2-A8E4-7C0030E12837}|BlackwaterPharma.DataAccess.dll;"
		Debug.AspNetCompiler.VirtualPath = "/BlackwaterPharma"
		Debug.AspNetCompiler.PhysicalPath = "..\BlackwaterPharma\"
		Debug.AspNetCompiler.TargetPath = "PrecompiledWeb\BlackwaterPharma\"
		Debug.AspNetCompiler.Updateable = "true"
		Debug.AspNetCompiler.ForceOverwrite = "true"
		Debug.AspNetCompiler.FixedNames = "false"
		Debug.AspNetCompiler.Debug = "True"
		Release.AspNetCompiler.VirtualPath = "/BlackwaterPharma"
		Release.AspNetCompiler.PhysicalPath = "..\BlackwaterPharma\"
		Release.AspNetCompiler.TargetPath = "PrecompiledWeb\BlackwaterPharma\"
		Release.AspNetCompiler.Updateable = "true"
		Release.AspNetCompiler.ForceOverwrite = "true"
		Release.AspNetCompiler.FixedNames = "false"
		Release.AspNetCompiler.Debug = "False"
		VWDPort = "50885"
		SlnRelativePath = "..\BlackwaterPharma\"
		DefaultWebSiteLanguage = "Visual C#"
	EndProjectSection
EndProject
Project("{FAE04EC0-301F-11D3-BF4B-00C04F79EFBC}") = "BlackwaterPharma.Business", "BlackwaterPharma.Business\BlackwaterPharma.Business.csproj", "{D762DF20-3879-41DC-A965-F1F402AA7EEC}"
EndProject
Project("{FAE04EC0-301F-11D3-BF4B-00C04F79EFBC}") = "BlackwaterPharma.DataAccess", "BlackwaterPharma.DataAccess\BlackwaterPharma.DataAccess.csproj", "{2287FDA4-A93E-43E2-A8E4-7C0030E12837}"
EndProject
Global
	GlobalSection(SolutionConfigurationPlatforms) = preSolution
		Debug|Any CPU = Debug|Any CPU
		Release|Any CPU = Release|Any CPU
	EndGlobalSection
	GlobalSection(ProjectConfigurationPlatforms) = postSolution
		{856F53FB-0128-444C-A0E6-CACAF33C4BE4}.Debug|Any CPU.ActiveCfg = Debug|Any CPU
		{856F53FB-0128-444C-A0E6-CACAF33C4BE4}.Debug|Any CPU.Build.0 = Debug|Any CPU
		{856F53FB-0128-444C-A0E6-CACAF33C4BE4}.Release|Any CPU.ActiveCfg = Debug|Any CPU
		{856F53FB-0128-444C-A0E6-CACAF33C4BE4}.Release|Any CPU.Build.0 = Debug|Any CPU
		{D762DF20-3879-41DC-A965-F1F402AA7EEC}.Debug|Any CPU.ActiveCfg = Debug|Any CPU
		{D762DF20-3879-41DC-A965-F1F402AA7EEC}.Debug|Any CPU.Build.0 = Debug|Any CPU
		{D762DF20-3879-41DC-A965-F1F402AA7EEC}.Release|Any CPU.ActiveCfg = Release|Any CPU
		{D762DF20-3879-41DC-A965-F1F402AA7EEC}.Release|Any CPU.Build.0 = Release|Any CPU
		{2287FDA4-A93E-43E2-A8E4-7C0030E12837}.Debug|Any CPU.ActiveCfg = Debug|Any CPU
		{2287FDA4-A93E-43E2-A8E4-7C0030E12837}.Debug|Any CPU.Build.0 = Debug|Any CPU
		{2287FDA4-A93E-43E2-A8E4-7C0030E12837}.Release|Any CPU.ActiveCfg = Release|Any CPU
		{2287FDA4-A93E-43E2-A8E4-7C0030E12837}.Release|Any CPU.Build.0 = Release|Any CPU
	EndGlobalSection
	GlobalSection(SolutionProperties) = preSolution
		HideSolutionNode = FALSE
	EndGlobalSection
EndGlobal
